
Microsoft Visual Studio Solution File, Format Version 12.00
# Visual Studio Version 17
VisualStudioVersion = 17.14.36301.6 d17.14
MinimumVisualStudioVersion = 10.0.40219.1
Project("{FAE04EC0-301F-11D3-BF4B-00C04F79EFBC}") = "Simulation", "Simulation.csproj", "{CCD93E7F-1A44-420E-8D99-820539263C83}"
EndProject
Global
	GlobalSection(SolutionConfigurationPlatforms) = preSolution
		Debug|Any CPU = Debug|Any CPU
		Release|Any CPU = Release|Any CPU
	EndGlobalSection
	GlobalSection(ProjectConfigurationPlatforms) = postSolution
		{CCD93E7F-1A44-420E-8D99-820539263C83}.Debug|Any CPU.ActiveCfg = Debug|Any CPU
		{CCD93E7F-1A44-420E-8D99-820539263C83}.Debug|Any CPU.Build.0 = Debug|Any CPU
		{CCD93E7F-1A44-420E-8D99-820539263C83}.Release|Any CPU.ActiveCfg = Release|Any CPU
		{CCD93E7F-1A44-420E-8D99-820539263C83}.Release|Any CPU.Build.0 = Release|Any CPU
	EndGlobalSection
	GlobalSection(SolutionProperties) = preSolution
		HideSolutionNode = FALSE
	EndGlobalSection
	GlobalSection(ExtensibilityGlobals) = postSolution
		SolutionGuid = {D6D3B513-498F-46E8-AED0-FF74518A4F6E}
	EndGlobalSection
EndGlobal
